
Microsoft Visual Studio Solution File, Format Version 12.00
# Visual Studio Version 16
VisualStudioVersion = 16.0.30907.101
MinimumVisualStudioVersion = 10.0.40219.1
Project("{FAE04EC0-301F-11D3-BF4B-00C04F79EFBC}") = "StereoscopicCreator", "StereoscopicCreator\StereoscopicCreator.csproj", "{84FB19BF-2ED8-4B54-8E48-D978C2D22D33}"
EndProject
Global
	GlobalSection(SolutionConfigurationPlatforms) = preSolution
		Debug|Any CPU = Debug|Any CPU
		Release|Any CPU = Release|Any CPU
	EndGlobalSection
	GlobalSection(ProjectConfigurationPlatforms) = postSolution
		{84FB19BF-2ED8-4B54-8E48-D978C2D22D33}.Debug|Any CPU.ActiveCfg = Debug|Any CPU
		{84FB19BF-2ED8-4B54-8E48-D978C2D22D33}.Debug|Any CPU.Build.0 = Debug|Any CPU
		{84FB19BF-2ED8-4B54-8E48-D978C2D22D33}.Release|Any CPU.ActiveCfg = Release|Any CPU
		{84FB19BF-2ED8-4B54-8E48-D978C2D22D33}.Release|Any CPU.Build.0 = Release|Any CPU
	EndGlobalSection
	GlobalSection(SolutionProperties) = preSolution
		HideSolutionNode = FALSE
	EndGlobalSection
	GlobalSection(ExtensibilityGlobals) = postSolution
		SolutionGuid = {D34F2AC9-AB7D-41F8-8B00-CE7552AFDE68}
	EndGlobalSection
EndGlobal
